{
    "_meta": {
        "hash": {
            "sha256": "7559b59d96db0e15d18bf5ee37d306e8d0e9b1658d71a0d23f34c64e90262c59"
        },
        "pipfile-spec": 6,
        "requires": {
            "python_full_version": "3.9.15",
            "python_version": "3.9"
        },
        "sources": [
            {
                "name": "pypi",
                "url": "https://pypi.org/simple",
                "verify_ssl": true
            }
        ]
    },
    "default": {
        "appdirs": {
            "hashes": [
                "sha256:7d5d0167b2b1ba821647616af46a749d1c653740dd0d2415100fe26e27afdf41",
                "sha256:a841dacd6b99318a741b166adb07e19ee71a274450e68237b4650ca1055ab128"
            ],
            "version": "==1.4.4"
        },
        "beautifulsoup4": {
            "hashes": [
                "sha256:58d5c3d29f5a36ffeb94f02f0d786cd53014cf9b3b3951d42e0080d8a9498d30",
                "sha256:ad9aa55b65ef2808eb405f46cf74df7fcb7044d5cbc26487f96eb2ef2e436693"
            ],
            "markers": "python_full_version >= '3.6.0'",
            "version": "==4.11.1"
        },
        "bs4": {
            "hashes": [
                "sha256:36ecea1fd7cc5c0c6e4a1ff075df26d50da647b75376626cc186e2212886dd3a"
            ],
            "index": "pypi",
            "version": "==0.0.1"
        },
        "certifi": {
            "hashes": [
                "sha256:35824b4c3a97115964b408844d64aa14db1cc518f6562e8d7261699d1350a9e3",
                "sha256:4ad3232f5e926d6718ec31cfc1fcadfde020920e278684144551c91769c7bc18"
            ],
            "markers": "python_version >= '3.6'",
            "version": "==2022.12.7"
        },
        "charset-normalizer": {
            "hashes": [
                "sha256:00d3ffdaafe92a5dc603cb9bd5111aaa36dfa187c8285c543be562e61b755f6b",
                "sha256:024e606be3ed92216e2b6952ed859d86b4cfa52cd5bc5f050e7dc28f9b43ec42",
                "sha256:0298eafff88c99982a4cf66ba2efa1128e4ddaca0b05eec4c456bbc7db691d8d",
                "sha256:02a51034802cbf38db3f89c66fb5d2ec57e6fe7ef2f4a44d070a593c3688667b",
                "sha256:083c8d17153ecb403e5e1eb76a7ef4babfc2c48d58899c98fcaa04833e7a2f9a",
                "sha256:0a11e971ed097d24c534c037d298ad32c6ce81a45736d31e0ff0ad37ab437d59",
                "sha256:0bf2dae5291758b6f84cf923bfaa285632816007db0330002fa1de38bfcb7154",
                "sha256:0c0a590235ccd933d9892c627dec5bc7511ce6ad6c1011fdf5b11363022746c1",
                "sha256:0f438ae3532723fb6ead77e7c604be7c8374094ef4ee2c5e03a3a17f1fca256c",
                "sha256:109487860ef6a328f3eec66f2bf78b0b72400280d8f8ea05f69c51644ba6521a",
                "sha256:11b53acf2411c3b09e6af37e4b9005cba376c872503c8f28218c7243582df45d",
                "sha256:12db3b2c533c23ab812c2b25934f60383361f8a376ae272665f8e48b88e8e1c6",
                "sha256:14e76c0f23218b8f46c4d87018ca2e441535aed3632ca134b10239dfb6dadd6b",
                "sha256:16a8663d6e281208d78806dbe14ee9903715361cf81f6d4309944e4d1e59ac5b",
                "sha256:292d5e8ba896bbfd6334b096e34bffb56161c81408d6d036a7dfa6929cff8783",
                "sha256:2c03cc56021a4bd59be889c2b9257dae13bf55041a3372d3295416f86b295fb5",
                "sha256:2e396d70bc4ef5325b72b593a72c8979999aa52fb8bcf03f701c1b03e1166918",
                "sha256:2edb64ee7bf1ed524a1da60cdcd2e1f6e2b4f66ef7c077680739f1641f62f555",
                "sha256:31a9ddf4718d10ae04d9b18801bd776693487cbb57d74cc3458a7673f6f34639",
                "sha256:356541bf4381fa35856dafa6a965916e54bed415ad8a24ee6de6e37deccf2786",
                "sha256:358a7c4cb8ba9b46c453b1dd8d9e431452d5249072e4f56cfda3149f6ab1405e",
                "sha256:37f8febc8ec50c14f3ec9637505f28e58d4f66752207ea177c1d67df25da5aed",
                "sha256:39049da0ffb96c8cbb65cbf5c5f3ca3168990adf3551bd1dee10c48fce8ae820",
                "sha256:39cf9ed17fe3b1bc81f33c9ceb6ce67683ee7526e65fde1447c772afc54a1bb8",
                "sha256:3ae1de54a77dc0d6d5fcf623290af4266412a7c4be0b1ff7444394f03f5c54e3",
                "sha256:3b590df687e3c5ee0deef9fc8c547d81986d9a1b56073d82de008744452d6541",
                "sha256:3e45867f1f2ab0711d60c6c71746ac53537f1684baa699f4f668d4c6f6ce8e14",
                "sha256:3fc1c4a2ffd64890aebdb3f97e1278b0cc72579a08ca4de8cd2c04799a3a22be",
                "sha256:4457ea6774b5611f4bed5eaa5df55f70abde42364d498c5134b7ef4c6958e20e",
                "sha256:44ba614de5361b3e5278e1241fda3dc1838deed864b50a10d7ce92983797fa76",
                "sha256:4a8fcf28c05c1f6d7e177a9a46a1c52798bfe2ad80681d275b10dcf317deaf0b",
                "sha256:4b0d02d7102dd0f997580b51edc4cebcf2ab6397a7edf89f1c73b586c614272c",
                "sha256:502218f52498a36d6bf5ea77081844017bf7982cdbe521ad85e64cabee1b608b",
                "sha256:503e65837c71b875ecdd733877d852adbc465bd82c768a067badd953bf1bc5a3",
                "sha256:5995f0164fa7df59db4746112fec3f49c461dd6b31b841873443bdb077c13cfc",
                "sha256:59e5686dd847347e55dffcc191a96622f016bc0ad89105e24c14e0d6305acbc6",
                "sha256:601f36512f9e28f029d9481bdaf8e89e5148ac5d89cffd3b05cd533eeb423b59",
                "sha256:608862a7bf6957f2333fc54ab4399e405baad0163dc9f8d99cb236816db169d4",
                "sha256:62595ab75873d50d57323a91dd03e6966eb79c41fa834b7a1661ed043b2d404d",
                "sha256:70990b9c51340e4044cfc394a81f614f3f90d41397104d226f21e66de668730d",
                "sha256:71140351489970dfe5e60fc621ada3e0f41104a5eddaca47a7acb3c1b851d6d3",
                "sha256:72966d1b297c741541ca8cf1223ff262a6febe52481af742036a0b296e35fa5a",
                "sha256:74292fc76c905c0ef095fe11e188a32ebd03bc38f3f3e9bcb85e4e6db177b7ea",
                "sha256:761e8904c07ad053d285670f36dd94e1b6ab7f16ce62b9805c475b7aa1cffde6",
                "sha256:772b87914ff1152b92a197ef4ea40efe27a378606c39446ded52c8f80f79702e",
                "sha256:79909e27e8e4fcc9db4addea88aa63f6423ebb171db091fb4373e3312cb6d603",
                "sha256:7e189e2e1d3ed2f4aebabd2d5b0f931e883676e51c7624826e0a4e5fe8a0bf24",
                "sha256:7eb33a30d75562222b64f569c642ff3dc6689e09adda43a082208397f016c39a",
                "sha256:81d6741ab457d14fdedc215516665050f3822d3e56508921cc7239f8c8e66a58",
                "sha256:8499ca8f4502af841f68135133d8258f7b32a53a1d594aa98cc52013fff55678",
                "sha256:84c3990934bae40ea69a82034912ffe5a62c60bbf6ec5bc9691419641d7d5c9a",
                "sha256:87701167f2a5c930b403e9756fab1d31d4d4da52856143b609e30a1ce7160f3c",
                "sha256:88600c72ef7587fe1708fd242b385b6ed4b8904976d5da0893e31df8b3480cb6",
                "sha256:8ac7b6a045b814cf0c47f3623d21ebd88b3e8cf216a14790b455ea7ff0135d18",
                "sha256:8b8af03d2e37866d023ad0ddea594edefc31e827fee64f8de5611a1dbc373174",
                "sha256:8c7fe7afa480e3e82eed58e0ca89f751cd14d767638e2550c77a92a9e749c317",
                "sha256:8eade758719add78ec36dc13201483f8e9b5d940329285edcd5f70c0a9edbd7f",
                "sha256:911d8a40b2bef5b8bbae2e36a0b103f142ac53557ab421dc16ac4aafee6f53dc",
                "sha256:93ad6d87ac18e2a90b0fe89df7c65263b9a99a0eb98f0a3d2e079f12a0735837",
                "sha256:95dea361dd73757c6f1c0a1480ac499952c16ac83f7f5f4f84f0658a01b8ef41",
                "sha256:9ab77acb98eba3fd2a85cd160851816bfce6871d944d885febf012713f06659c",
                "sha256:9cb3032517f1627cc012dbc80a8ec976ae76d93ea2b5feaa9d2a5b8882597579",
                "sha256:9cf4e8ad252f7c38dd1f676b46514f92dc0ebeb0db5552f5f403509705e24753",
                "sha256:9d9153257a3f70d5f69edf2325357251ed20f772b12e593f3b3377b5f78e7ef8",
                "sha256:a152f5f33d64a6be73f1d30c9cc82dfc73cec6477ec268e7c6e4c7d23c2d2291",
                "sha256:a16418ecf1329f71df119e8a65f3aa68004a3f9383821edcb20f0702934d8087",
                "sha256:a60332922359f920193b1d4826953c507a877b523b2395ad7bc716ddd386d866",
                "sha256:a8d0fc946c784ff7f7c3742310cc8a57c5c6dc31631269876a88b809dbeff3d3",
                "sha256:ab5de034a886f616a5668aa5d098af2b5385ed70142090e2a31bcbd0af0fdb3d",
                "sha256:c22d3fe05ce11d3671297dc8973267daa0f938b93ec716e12e0f6dee81591dc1",
                "sha256:c2ac1b08635a8cd4e0cbeaf6f5e922085908d48eb05d44c5ae9eabab148512ca",
                "sha256:c512accbd6ff0270939b9ac214b84fb5ada5f0409c44298361b2f5e13f9aed9e",
                "sha256:c75ffc45f25324e68ab238cb4b5c0a38cd1c3d7f1fb1f72b5541de469e2247db",
                "sha256:c95a03c79bbe30eec3ec2b7f076074f4281526724c8685a42872974ef4d36b72",
                "sha256:cadaeaba78750d58d3cc6ac4d1fd867da6fc73c88156b7a3212a3cd4819d679d",
                "sha256:cd6056167405314a4dc3c173943f11249fa0f1b204f8b51ed4bde1a9cd1834dc",
                "sha256:db72b07027db150f468fbada4d85b3b2729a3db39178abf5c543b784c1254539",
                "sha256:df2c707231459e8a4028eabcd3cfc827befd635b3ef72eada84ab13b52e1574d",
                "sha256:e62164b50f84e20601c1ff8eb55620d2ad25fb81b59e3cd776a1902527a788af",
                "sha256:e696f0dd336161fca9adbb846875d40752e6eba585843c768935ba5c9960722b",
                "sha256:eaa379fcd227ca235d04152ca6704c7cb55564116f8bc52545ff357628e10602",
                "sha256:ebea339af930f8ca5d7a699b921106c6e29c617fe9606fa7baa043c1cdae326f",
                "sha256:f4c39b0e3eac288fedc2b43055cfc2ca7a60362d0e5e87a637beac5d801ef478",
                "sha256:f5057856d21e7586765171eac8b9fc3f7d44ef39425f85dbcccb13b3ebea806c",
                "sha256:f6f45710b4459401609ebebdbcfb34515da4fc2aa886f95107f556ac69a9147e",
                "sha256:f97e83fa6c25693c7a35de154681fcc257c1c41b38beb0304b9c4d2d9e164479",
                "sha256:f9d0c5c045a3ca9bedfc35dca8526798eb91a07aa7a2c0fee134c6c6f321cbd7",
                "sha256:ff6f3db31555657f3163b15a6b7c6938d08df7adbfc9dd13d9d19edad678f1e8"
            ],
            "version": "==3.0.1"
        },
        "coverage": {
            "hashes": [
                "sha256:0f1883eab9c19aa243f51308751b8a2a547b9b817b721cc0ecf3efb99fafbea7",
                "sha256:0f649e68db74b1b5b8ca4161d08eb2b8fa8ae11af1ebfb80e80e112eb0ef5300",
                "sha256:0fa423599fc3d9e18177f913552cdb34a8d9ad33efcf52a98c9d4b644edb42c5",
                "sha256:13ef9f799c8fb45c446a239df68034de3a6f3de274881b088bebd7f5661f79f8",
                "sha256:16db2c69a1acbcb3c13211e9f954e22b22a729909d81f983b6b9badacc466eda",
                "sha256:17709e22e4c9f5412ba90f446fb13b245cc20bf4a60377021bbff6c0f1f63e7c",
                "sha256:1a41d621aa9b6ab6457b557a754d50aaff0813fad3453434de075496fca8a183",
                "sha256:2a08e978f402696c6956eee9d1b7e95d3ad042959b71bafe1f3e4557cbd6e0ac",
                "sha256:36aa6c8db83bc27346ddcd8c2a60846a7178ecd702672689d3ea1828eb1a4d11",
                "sha256:381be5d31d3f0d912334cf2c159bc7bea6bfe6b0e3df6061a3bf2bf88359b1f6",
                "sha256:4047dc83773869701bde934fb3c4792648eda7c0e008a77a0aec64157d246801",
                "sha256:483ed14080c5301048128bb027b77978c632dd9e92e3ecb09b7e28f5b92abfcf",
                "sha256:4a678e1b9619a29c51301af61ab84122e2f8cc7a0a6b40854b808ac6be604300",
                "sha256:52964fae0fafef8bd283ad8e9a9665205a9fdf912535434defc0ec3def1da26b",
                "sha256:53770b20ac5b4a12e99229d4bae57af0945be87cc257fce6c6c7571a39f0c5d4",
                "sha256:57f510bb16efaec0b6f371b64a8000c62e7e3b3e48e8b0a5745ade078d849814",
                "sha256:5dea90ed140e7fa9bc00463313f9bc4a6e6aff297b4969615e7a688615c4c4d2",
                "sha256:700040c354f0230287906b1276635552a3def4b646e0145555bc9e2e5da9e365",
                "sha256:7a9c44400ee0f3b4546066e0710e1250fd75831adc02ab99dda176ad8726f424",
                "sha256:7f1eacae700c66c3d7362a433b228599c9d94a5a3a52613dddd9474e04deb6bc",
                "sha256:83a477ac4f55a6ef59552683a0544d47b68a85ce6a80fd0ca6b3dc767f6495fb",
                "sha256:83e955b975666b5a07d217135e7797857ce844eb340a99e46cc25525120417c4",
                "sha256:8801880d32f11b6df11c32a961e186774b4634ae39d7c43235f5a24368a85f07",
                "sha256:8bb7c8dca54109b61013bc4114d96effbf10dea136722c586bce3a5d9fc4e730",
                "sha256:9681efc2d310cfc53863cc6f63e88ebe7a48124550fa822147996cb09390b6ab",
                "sha256:97a7ec51cdde3a386e390b159b20f247ccb478084d925c75f1faa3d26c01335e",
                "sha256:9824e15b387d331c0fc0fef905a539ab69784368a1d6ac3db864b4182e520948",
                "sha256:a2f7106d1167825c4115794c2ba57cc3b15feb6183db5328fa66f94c12902d8b",
                "sha256:a5ed27ad3e8420b2d6b625dcbd3e59488c14ccc06030167bcf14ffb0f4189b77",
                "sha256:b7f7283eb7badd2b8a9c6a9d6eeca200a0a24db6be79baee2c11398f978edcaa",
                "sha256:c1456f66c536010cf9e4633a8853a9153e8fd588393695295afd4d0fc16c1d74",
                "sha256:c3e2736664a6074fc9bd54fb643f5af0fc60bfedb2963b3d3f98c7450335e34c",
                "sha256:c5a205b4da3c624f5119dc4d84240789b5906bb8468902ec22dcc4aad8aa4638",
                "sha256:c820a533a943ebc860acc0ce6a00dd36e0fdf2c6f619ff8225755169428c5fa2",
                "sha256:ce9ef0fc99d11d418662e36fd8de6d71b19ec87c2eab961a117cc9d087576e72",
                "sha256:d7b70b7b4eb14d0753d33253fe4f121ca99102612e2719f0993607deb30c6f33",
                "sha256:dfb011587e2b7299112f08a2a60d2601706aac9abde37aa1177ea825adaed923",
                "sha256:dfd35f1979da31bcabbe27bcf78d4284d69870731874af629082590023a77336",
                "sha256:e00fe141e22ce6e9395aa24d862039eb180c6b7e89df0bbaf9765e9aebe560a9",
                "sha256:e61a4ba0b2686040cb4828297c7e37bcaf3a1a1c0bc0dbe46cc789dde51a80fa",
                "sha256:ec596e4401553caa6dd2e3349ce47f9ef82c1f1bcba5d8ac3342724f0df8d6ff",
                "sha256:ef43a06a960b46c73c018704051e023ee6082030f145841ffafc8728039d5a88",
                "sha256:ef574ab9640bcfa2f3c671831faf03f65788945fdf8efa4d4a1fffc034838e2a",
                "sha256:f9e83b39d29c2815a38e4118d776b482d4082b5bf9c9147fbc99a3f83abe480a"
            ],
            "index": "pypi",
            "version": "==4.4.1"
        },
        "distlib": {
            "hashes": [
                "sha256:14bad2d9b04d3a36127ac97f30b12a19268f211063d8f8ee4f47108896e11b46",
                "sha256:f35c4b692542ca110de7ef0bea44d73981caeb34ca0b9b6b2e6d7790dda8f80e"
            ],
            "version": "==0.3.6"
        },
        "filelock": {
            "hashes": [
                "sha256:7b319f24340b51f55a2bf7a12ac0755a9b03e718311dac567a0f4f7fabd2f5de",
                "sha256:f58d535af89bb9ad5cd4df046f741f8553a418c01a7856bf0d173bbc9f6bd16d"
            ],
            "markers": "python_version >= '3.7'",
            "version": "==3.9.0"
        },
        "idna": {
            "hashes": [
                "sha256:814f528e8dead7d329833b91c5faa87d60bf71824cd12a7530b5526063d02cb4",
                "sha256:90b77e79eaa3eba6de819a0c442c0b4ceefc341a7a2ab77d7562bf49f425c5c2"
            ],
            "markers": "python_version >= '3.5'",
            "version": "==3.4"
        },
        "jedi": {
            "hashes": [
                "sha256:203c1fd9d969ab8f2119ec0a3342e0b49910045abe6af0a3ae83a5764d54639e",
                "sha256:bae794c30d07f6d910d32a7048af09b5a39ed740918da923c6b780790ebac612"
            ],
            "markers": "python_version >= '3.6'",
            "version": "==0.18.2"
        },
        "mock": {
            "hashes": [
                "sha256:5ce3c71c5545b472da17b72268978914d0252980348636840bd34a00b5cc96c1",
                "sha256:b158b6df76edd239b8208d481dc46b6afd45a846b7812ff0ce58971cf5bc8bba"
            ],
            "index": "pypi",
            "version": "==2.0.0"
        },
        "nose": {
            "hashes": [
                "sha256:9ff7c6cc443f8c51994b34a667bbcf45afd6d945be7477b52e97516fd17c53ac",
                "sha256:dadcddc0aefbf99eea214e0f1232b94f2fa9bd98fa8353711dacb112bfcbbb2a",
                "sha256:f1bffef9cbc82628f6e7d7b40d7e255aefaa1adb6a1b1d26c69a8b79e6208a98"
            ],
            "index": "pypi",
            "version": "==1.3.7"
        },
        "parso": {
            "hashes": [
                "sha256:8c07be290bb59f03588915921e29e8a50002acaf2cdc5fa0e0114f91709fafa0",
                "sha256:c001d4636cd3aecdaf33cbb40aebb59b094be2a74c556778ef5576c175e19e75"
            ],
            "markers": "python_version >= '3.6'",
            "version": "==0.8.3"
        },
        "pbr": {
            "hashes": [
                "sha256:567f09558bae2b3ab53cb3c1e2e33e726ff3338e7bae3db5dc954b3a44eef12b",
                "sha256:aefc51675b0b533d56bb5fd1c8c6c0522fe31896679882e1c4c63d5e4a0fccb3"
            ],
            "markers": "python_version >= '2.6'",
            "version": "==5.11.1"
        },
        "platformdirs": {
            "hashes": [
                "sha256:83c8f6d04389165de7c9b6f0c682439697887bca0aa2f1c87ef1826be3584490",
                "sha256:e1fea1fe471b9ff8332e229df3cb7de4f53eeea4998d3b6bfff542115e998bd2"
            ],
            "markers": "python_version >= '3.7'",
            "version": "==2.6.2"
        },
        "pluggy": {
            "hashes": [
                "sha256:15b2acde666561e1298d71b523007ed7364de07029219b604cf808bfa1c765b0",
                "sha256:966c145cd83c96502c3c3868f50408687b38434af77734af1e9ca461a4081d2d"
            ],
            "markers": "python_version >= '2.7' and python_version not in '3.0, 3.1, 3.2, 3.3'",
            "version": "==0.13.1"
        },
        "prompt-toolkit": {
            "hashes": [
                "sha256:3e163f254bef5a03b146397d7c1963bd3e2812f0964bb9a24e6ec761fd28db63",
                "sha256:aa64ad242a462c5ff0363a7b9cfe696c20d55d9fc60c11fd8e632d064804d305"
            ],
            "markers": "python_full_version >= '3.6.2'",
            "version": "==3.0.36"
        },
        "ptpython": {
            "hashes": [
                "sha256:2b06f28e63b8bfe30736ac07d23c00adb4161c4f0e1c1a26a51344b07e2100bd",
                "sha256:c097b324406014a005c6b09f493bbbdde571e412360af2ba1551873a10c36cf8"
            ],
            "index": "pypi",
            "version": "==3.0.22"
        },
        "py": {
            "hashes": [
                "sha256:51c75c4126074b472f746a24399ad32f6053d1b34b68d2fa41e558e6f4a98719",
                "sha256:607c53218732647dff4acdfcd50cb62615cedf612e72d1724fb1a0cc6405b378"
            ],
            "markers": "python_version >= '2.7' and python_version not in '3.0, 3.1, 3.2, 3.3, 3.4'",
            "version": "==1.11.0"
        },
        "pycryptodome": {
            "hashes": [
                "sha256:04779cc588ad8f13c80a060b0b1c9d1c203d051d8a43879117fe6b8aaf1cd3fa",
                "sha256:121d61663267f73692e8bde5ec0d23c9146465a0d75cad75c34f75c752527b01",
                "sha256:1a30f51b990994491cec2d7d237924e5b6bd0d445da9337d77de384ad7f254f9",
                "sha256:2c5631204ebcc7ae33d11c43037b2dafe25e2ab9c1de6448eb6502ac69c19a56",
                "sha256:333306eaea01fde50a73c4619e25631e56c4c61bd0fb0a2346479e67e3d3a820",
                "sha256:38bbd6717eac084408b4094174c0805bdbaba1f57fc250fd0309ae5ec9ed7e09",
                "sha256:3a232474cd89d3f51e4295abe248a8b95d0332d153bf46444e415409070aae1e",
                "sha256:4992ec965606054e8326e83db1c8654f0549cdb26fce1898dc1a20bc7684ec1c",
                "sha256:53068e33c74f3b93a8158dacaa5d0f82d254a81b1002e0cd342be89fcb3433eb",
                "sha256:5587803d5b66dfd99e7caa31ed91fba0fdee3661c5d93684028ad6653fce725f",
                "sha256:5a790bc045003d89d42e3b9cb3cc938c8561a57a88aaa5691512e8540d1ae79c",
                "sha256:74794a2e2896cd0cf56fdc9db61ef755fa812b4a4900fa46c49045663a92b8d0",
                "sha256:80ea8333b6a5f2d9e856ff2293dba2e3e661197f90bf0f4d5a82a0a6bc83a626",
                "sha256:8198f2b04c39d817b206ebe0db25a6653bb5f463c2319d6f6d9a80d012ac1e37",
                "sha256:87e2ca3aa557781447428c4b6c8c937f10ff215202ab40ece5c13a82555c10d6",
                "sha256:909e36a43fe4a8a3163e9c7fc103867825d14a2ecb852a63d3905250b308a4e5",
                "sha256:9453b4e21e752df8737fdffac619e93c9f0ec55ead9a45df782055eb95ef37d9",
                "sha256:9ec565e89a6b400eca814f28d78a9ef3f15aea1df74d95b28b7720739b28f37f",
                "sha256:a3228728a3808bc9f18c1797ec1179a0efb5068c817b2ffcf6bcd012494dffb2",
                "sha256:a74f45aee8c5cc4d533e585e0e596e9f78521e1543a302870a27b0ae2106381e",
                "sha256:afbcdb0eda20a0e1d44e3a1ad6d4ec3c959210f4b48cabc0e387a282f4c7deb8",
                "sha256:ba2d4fcb844c6ba5df4bbfee9352ad5352c5ae939ac450e06cdceff653280450",
                "sha256:bce2e2d8e82fcf972005652371a3e8731956a0c1fbb719cc897943b3695ad91b",
                "sha256:c133f6721fba313722a018392a91e3c69d3706ae723484841752559e71d69dc6",
                "sha256:ca1ceb6303be1282148f04ac21cebeebdb4152590842159877778f9cf1634f09",
                "sha256:d086d46774e27b280e4cece8ab3d87299cf0d39063f00f1e9290d096adc5662a",
                "sha256:dc22cc00f804485a3c2a7e2010d9f14a705555f67020eb083e833cabd5bd82e4",
                "sha256:e1819b67bcf6ca48341e9b03c2e45b1c891fa8eb1a8458482d14c2805c9616f2",
                "sha256:e7debd9c439e7b84f53be3cf4ba8b75b3d0b6e6015212355d6daf44ac672e210",
                "sha256:f44c0d28716d950135ff21505f2c764498eda9d8806b7c78764165848aa419bc",
                "sha256:f68d6c8ea2974a571cacb7014dbaada21063a0375318d88ac1f9300bc81e93c3",
                "sha256:f812d58c5af06d939b2baccdda614a3ffd80531a26e5faca2c9f8b1770b2b7af",
                "sha256:f8e550caf52472ae9126953415e4fc554ab53049a5691c45b8816895c632e4d7"
            ],
            "index": "pypi",
            "version": "==3.17"
        },
        "pygments": {
            "hashes": [
                "sha256:b3ed06a9e8ac9a9aae5a6f5dbe78a8a58655d17b43b93c078f094ddc476ae297",
                "sha256:fa7bd7bd2771287c0de303af8bfdfc731f51bd2c6a47ab69d117138893b82717"
            ],
            "markers": "python_version >= '3.6'",
            "version": "==2.14.0"
        },
        "requests": {
            "hashes": [
                "sha256:64299f4909223da747622c030b781c0d7811e359c37124b4bd368fb8c6518baa",
                "sha256:98b1b2782e3c6c4904938b84c0eb932721069dfdb9134313beff7c83c2df24bf"
            ],
            "index": "pypi",
            "version": "==2.28.2"
        },
        "six": {
            "hashes": [
                "sha256:1e61c37477a1626458e36f7b1d82aa5c9b094fa4802892072e49de9c60c4c926",
                "sha256:8abb2f1d86890a2dfb989f9a77cfcfd3e47c2a354b01111771326f8aa26e0254"
            ],
            "markers": "python_version >= '2.7' and python_version not in '3.0, 3.1, 3.2'",
            "version": "==1.16.0"
        },
        "soupsieve": {
            "hashes": [
                "sha256:3b2503d3c7084a42b1ebd08116e5f81aadfaea95863628c80a3b774a11b7c759",
                "sha256:fc53893b3da2c33de295667a0e19f078c14bf86544af307354de5fcf12a3f30d"
            ],
            "markers": "python_version >= '3.6'",
            "version": "==2.3.2.post1"
        },
        "tox": {
            "hashes": [
                "sha256:752f5ec561c6c08c5ecb167d3b20f4f4ffc158c0ab78855701a75f5cef05f4b8",
                "sha256:8af30fd835a11f3ff8e95176ccba5a4e60779df4d96a9dfefa1a1704af263225"
            ],
            "index": "pypi",
            "version": "==2.9.1"
        },
        "urllib3": {
            "hashes": [
                "sha256:076907bf8fd355cde77728471316625a4d2f7e713c125f51953bb5b3eecf4f72",
                "sha256:75edcdc2f7d85b137124a6c3c9fc3933cdeaa12ecb9a6a959f22797a0feca7e1"
            ],
            "markers": "python_version >= '2.7' and python_version not in '3.0, 3.1, 3.2, 3.3, 3.4, 3.5'",
            "version": "==1.26.14"
        },
        "virtualenv": {
            "hashes": [
                "sha256:ce3b1684d6e1a20a3e5ed36795a97dfc6af29bc3970ca8dab93e11ac6094b3c4",
                "sha256:f8b927684efc6f1cc206c9db297a570ab9ad0e51c16fa9e45487d36d1905c058"
            ],
            "markers": "python_version != '3.2'",
            "version": "==20.17.1"
        },
        "wcwidth": {
            "hashes": [
                "sha256:795b138f6875577cd91bba52baf9e445cd5118fd32723b460e30a0af30ea230e",
                "sha256:a5220780a404dbe3353789870978e472cfe477761f06ee55077256e509b156d0"
            ],
            "version": "==0.2.6"
        }
    },
    "develop": {}
}
